
Microsoft Visual Studio Solution File, Format Version 12.00
# Visual Studio Version 17
VisualStudioVersion = 17.5.002.0
MinimumVisualStudioVersion = 10.0.40219.1
Project("{FAE04EC0-301F-11D3-BF4B-00C04F79EFBC}") = "API", "API\API.csproj", "{0BEB900F-D794-4E3D-AD37-E5AAEE99A2AD}"
EndProject
Project("{FAE04EC0-301F-11D3-BF4B-00C04F79EFBC}") = "Tests", "Tests\Tests.csproj", "{89A8FF33-A36E-42D9-9B48-9E8FBC044BCA}"
EndProject
Global
	GlobalSection(SolutionProperties) = preSolution
		HideSolutionNode = FALSE
	EndGlobalSection
	GlobalSection(ExtensibilityGlobals) = postSolution
		SolutionGuid = {88F41C76-E84F-4F5E-AC4C-545C422F8A1B}
	EndGlobalSection
	GlobalSection(SolutionConfigurationPlatforms) = preSolution
		Debug|Any CPU = Debug|Any CPU
		Debug|x64 = Debug|x64
		Debug|x86 = Debug|x86
		Release|Any CPU = Release|Any CPU
		Release|x64 = Release|x64
		Release|x86 = Release|x86
	EndGlobalSection
	GlobalSection(ProjectConfigurationPlatforms) = postSolution
		{0BEB900F-D794-4E3D-AD37-E5AAEE99A2AD}.Debug|Any CPU.ActiveCfg = Debug|Any CPU
		{0BEB900F-D794-4E3D-AD37-E5AAEE99A2AD}.Debug|Any CPU.Build.0 = Debug|Any CPU
		{0BEB900F-D794-4E3D-AD37-E5AAEE99A2AD}.Debug|x64.ActiveCfg = Debug|Any CPU
		{0BEB900F-D794-4E3D-AD37-E5AAEE99A2AD}.Debug|x64.Build.0 = Debug|Any CPU
		{0BEB900F-D794-4E3D-AD37-E5AAEE99A2AD}.Debug|x86.ActiveCfg = Debug|Any CPU
		{0BEB900F-D794-4E3D-AD37-E5AAEE99A2AD}.Debug|x86.Build.0 = Debug|Any CPU
		{0BEB900F-D794-4E3D-AD37-E5AAEE99A2AD}.Release|Any CPU.ActiveCfg = Release|Any CPU
		{0BEB900F-D794-4E3D-AD37-E5AAEE99A2AD}.Release|Any CPU.Build.0 = Release|Any CPU
		{0BEB900F-D794-4E3D-AD37-E5AAEE99A2AD}.Release|x64.ActiveCfg = Release|Any CPU
		{0BEB900F-D794-4E3D-AD37-E5AAEE99A2AD}.Release|x64.Build.0 = Release|Any CPU
		{0BEB900F-D794-4E3D-AD37-E5AAEE99A2AD}.Release|x86.ActiveCfg = Release|Any CPU
		{0BEB900F-D794-4E3D-AD37-E5AAEE99A2AD}.Release|x86.Build.0 = Release|Any CPU
		{89A8FF33-A36E-42D9-9B48-9E8FBC044BCA}.Debug|Any CPU.ActiveCfg = Debug|Any CPU
		{89A8FF33-A36E-42D9-9B48-9E8FBC044BCA}.Debug|Any CPU.Build.0 = Debug|Any CPU
		{89A8FF33-A36E-42D9-9B48-9E8FBC044BCA}.Debug|x64.ActiveCfg = Debug|Any CPU
		{89A8FF33-A36E-42D9-9B48-9E8FBC044BCA}.Debug|x64.Build.0 = Debug|Any CPU
		{89A8FF33-A36E-42D9-9B48-9E8FBC044BCA}.Debug|x86.ActiveCfg = Debug|Any CPU
		{89A8FF33-A36E-42D9-9B48-9E8FBC044BCA}.Debug|x86.Build.0 = Debug|Any CPU
		{89A8FF33-A36E-42D9-9B48-9E8FBC044BCA}.Release|Any CPU.ActiveCfg = Release|Any CPU
		{89A8FF33-A36E-42D9-9B48-9E8FBC044BCA}.Release|Any CPU.Build.0 = Release|Any CPU
		{89A8FF33-A36E-42D9-9B48-9E8FBC044BCA}.Release|x64.ActiveCfg = Release|Any CPU
		{89A8FF33-A36E-42D9-9B48-9E8FBC044BCA}.Release|x64.Build.0 = Release|Any CPU
		{89A8FF33-A36E-42D9-9B48-9E8FBC044BCA}.Release|x86.ActiveCfg = Release|Any CPU
		{89A8FF33-A36E-42D9-9B48-9E8FBC044BCA}.Release|x86.Build.0 = Release|Any CPU
	EndGlobalSection
EndGlobal
